
Microsoft Visual Studio Solution File, Format Version 12.00
# Visual Studio 15
VisualStudioVersion = 15.0.27130.2003
MinimumVisualStudioVersion = 10.0.40219.1
Project("{FAE04EC0-301F-11D3-BF4B-00C04F79EFBC}") = "XeLibSharp", "XeLibSharp\XeLibSharp.csproj", "{13A01625-D0DC-4E60-B965-0EB949CDE14E}"
EndProject
Global
	GlobalSection(SolutionConfigurationPlatforms) = preSolution
		Debug|Any CPU = Debug|Any CPU
		Release|Any CPU = Release|Any CPU
	EndGlobalSection
	GlobalSection(ProjectConfigurationPlatforms) = postSolution
		{13A01625-D0DC-4E60-B965-0EB949CDE14E}.Debug|Any CPU.ActiveCfg = Debug|Any CPU
		{13A01625-D0DC-4E60-B965-0EB949CDE14E}.Debug|Any CPU.Build.0 = Debug|Any CPU
		{13A01625-D0DC-4E60-B965-0EB949CDE14E}.Release|Any CPU.ActiveCfg = Release|Any CPU
		{13A01625-D0DC-4E60-B965-0EB949CDE14E}.Release|Any CPU.Build.0 = Release|Any CPU
	EndGlobalSection
	GlobalSection(SolutionProperties) = preSolution
		HideSolutionNode = FALSE
	EndGlobalSection
	GlobalSection(ExtensibilityGlobals) = postSolution
		SolutionGuid = {2317D87C-38E0-41E2-BB47-677E1D014EDC}
	EndGlobalSection
EndGlobal
